
Microsoft Visual Studio Solution File, Format Version 12.00
# Visual Studio 15
VisualStudioVersion = 15.0.26124.0
MinimumVisualStudioVersion = 15.0.26124.0
Project("{2150E333-8FDC-42A3-9474-1A3956D46DE8}") = "src", "src", "{17F05701-4DEB-48A5-A3A4-79947C44290E}"
EndProject
Project("{FAE04EC0-301F-11D3-BF4B-00C04F79EFBC}") = "GradeBook", "src\GradeBook\GradeBook.csproj", "{93E5D9B4-F0FA-48ED-8398-F4C9D474522E}"
EndProject
Project("{2150E333-8FDC-42A3-9474-1A3956D46DE8}") = "test", "test", "{876C22D3-8AD4-4B27-97D2-054794B35226}"
EndProject
Project("{FAE04EC0-301F-11D3-BF4B-00C04F79EFBC}") = "GradeBook.Test", "test\GradeBook.Test\GradeBook.Test.csproj", "{81C3ECC7-0849-427E-9774-A07EDB229E25}"
EndProject
Global
	GlobalSection(SolutionConfigurationPlatforms) = preSolution
		Debug|Any CPU = Debug|Any CPU
		Debug|x64 = Debug|x64
		Debug|x86 = Debug|x86
		Release|Any CPU = Release|Any CPU
		Release|x64 = Release|x64
		Release|x86 = Release|x86
	EndGlobalSection
	GlobalSection(SolutionProperties) = preSolution
		HideSolutionNode = FALSE
	EndGlobalSection
	GlobalSection(ProjectConfigurationPlatforms) = postSolution
		{93E5D9B4-F0FA-48ED-8398-F4C9D474522E}.Debug|Any CPU.ActiveCfg = Debug|Any CPU
		{93E5D9B4-F0FA-48ED-8398-F4C9D474522E}.Debug|Any CPU.Build.0 = Debug|Any CPU
		{93E5D9B4-F0FA-48ED-8398-F4C9D474522E}.Debug|x64.ActiveCfg = Debug|Any CPU
		{93E5D9B4-F0FA-48ED-8398-F4C9D474522E}.Debug|x64.Build.0 = Debug|Any CPU
		{93E5D9B4-F0FA-48ED-8398-F4C9D474522E}.Debug|x86.ActiveCfg = Debug|Any CPU
		{93E5D9B4-F0FA-48ED-8398-F4C9D474522E}.Debug|x86.Build.0 = Debug|Any CPU
		{93E5D9B4-F0FA-48ED-8398-F4C9D474522E}.Release|Any CPU.ActiveCfg = Release|Any CPU
		{93E5D9B4-F0FA-48ED-8398-F4C9D474522E}.Release|Any CPU.Build.0 = Release|Any CPU
		{93E5D9B4-F0FA-48ED-8398-F4C9D474522E}.Release|x64.ActiveCfg = Release|Any CPU
		{93E5D9B4-F0FA-48ED-8398-F4C9D474522E}.Release|x64.Build.0 = Release|Any CPU
		{93E5D9B4-F0FA-48ED-8398-F4C9D474522E}.Release|x86.ActiveCfg = Release|Any CPU
		{93E5D9B4-F0FA-48ED-8398-F4C9D474522E}.Release|x86.Build.0 = Release|Any CPU
		{81C3ECC7-0849-427E-9774-A07EDB229E25}.Debug|Any CPU.ActiveCfg = Debug|Any CPU
		{81C3ECC7-0849-427E-9774-A07EDB229E25}.Debug|Any CPU.Build.0 = Debug|Any CPU
		{81C3ECC7-0849-427E-9774-A07EDB229E25}.Debug|x64.ActiveCfg = Debug|Any CPU
		{81C3ECC7-0849-427E-9774-A07EDB229E25}.Debug|x64.Build.0 = Debug|Any CPU
		{81C3ECC7-0849-427E-9774-A07EDB229E25}.Debug|x86.ActiveCfg = Debug|Any CPU
		{81C3ECC7-0849-427E-9774-A07EDB229E25}.Debug|x86.Build.0 = Debug|Any CPU
		{81C3ECC7-0849-427E-9774-A07EDB229E25}.Release|Any CPU.ActiveCfg = Release|Any CPU
		{81C3ECC7-0849-427E-9774-A07EDB229E25}.Release|Any CPU.Build.0 = Release|Any CPU
		{81C3ECC7-0849-427E-9774-A07EDB229E25}.Release|x64.ActiveCfg = Release|Any CPU
		{81C3ECC7-0849-427E-9774-A07EDB229E25}.Release|x64.Build.0 = Release|Any CPU
		{81C3ECC7-0849-427E-9774-A07EDB229E25}.Release|x86.ActiveCfg = Release|Any CPU
		{81C3ECC7-0849-427E-9774-A07EDB229E25}.Release|x86.Build.0 = Release|Any CPU
	EndGlobalSection
	GlobalSection(NestedProjects) = preSolution
		{93E5D9B4-F0FA-48ED-8398-F4C9D474522E} = {17F05701-4DEB-48A5-A3A4-79947C44290E}
		{81C3ECC7-0849-427E-9774-A07EDB229E25} = {876C22D3-8AD4-4B27-97D2-054794B35226}
	EndGlobalSection
EndGlobal
